# @generated by Move, please check-in and do not edit manually.

[move]
version = 3
manifest_digest = "D77B637960C9C9CF149A86687F8C1DB11D9A01B480DEE9755A7D0DBB314D3EC6"
deps_digest = "F8BBB0CCB2491CA29A3DF03D6F92277A4F3574266507ACD77214D37ECA3F3082"
dependencies = [
  { id = "Sui", name = "Sui" },
]

[[move.package]]
id = "MoveStdlib"
source = { git = "https://github.com/MystenLabs/sui.git", rev = "testnet-v1.48.1", subdir = "crates/sui-framework/packages/move-stdlib" }

[[move.package]]
id = "Sui"
source = { git = "https://github.com/MystenLabs/sui.git", rev = "testnet-v1.48.1", subdir = "crates/sui-framework/packages/sui-framework" }

dependencies = [
  { id = "MoveStdlib", name = "MoveStdlib" },
]

[move.toolchain-version]
compiler-version = "1.48.1"
edition = "2024.beta"
flavor = "sui"

[env]

[env.dev]
chain-id = "b782f7fa"
original-published-id = "0xba2d5bde731ed0e2c02e8e826aab1c6e1c5fe363e59aa15d00696dabcb1d32c6"
latest-published-id = "0xba2d5bde731ed0e2c02e8e826aab1c6e1c5fe363e59aa15d00696dabcb1d32c6"
published-version = "1"
